
Microsoft Visual Studio Solution File, Format Version 12.00
# Visual Studio 2012
Project("{8BC9CEB8-8B4A-11D0-8D11-00A0C91BC942}") = "Creacion_Lista_Enlazada_Simple", "Creacion_Lista_Enlazada_Simple\Creacion_Lista_Enlazada_Simple.vcxproj", "{99B0720E-2EEA-4293-A4D7-158AAE020AB8}"
EndProject
Global
	GlobalSection(SolutionConfigurationPlatforms) = preSolution
		Debug|Win32 = Debug|Win32
		Release|Win32 = Release|Win32
	EndGlobalSection
	GlobalSection(ProjectConfigurationPlatforms) = postSolution
		{99B0720E-2EEA-4293-A4D7-158AAE020AB8}.Debug|Win32.ActiveCfg = Debug|Win32
		{99B0720E-2EEA-4293-A4D7-158AAE020AB8}.Debug|Win32.Build.0 = Debug|Win32
		{99B0720E-2EEA-4293-A4D7-158AAE020AB8}.Release|Win32.ActiveCfg = Release|Win32
		{99B0720E-2EEA-4293-A4D7-158AAE020AB8}.Release|Win32.Build.0 = Release|Win32
	EndGlobalSection
	GlobalSection(SolutionProperties) = preSolution
		HideSolutionNode = FALSE
	EndGlobalSection
EndGlobal
